
Microsoft Visual Studio Solution File, Format Version 12.00
# Visual Studio Version 16
VisualStudioVersion = 16.0.31402.337
MinimumVisualStudioVersion = 10.0.40219.1
Project("{FAE04EC0-301F-11D3-BF4B-00C04F79EFBC}") = "ExercicioListas", "ExercicioListas\ExercicioListas.csproj", "{EA9C8F3E-01CE-4A6D-8136-112E41B8A8F6}"
EndProject
Global
	GlobalSection(SolutionConfigurationPlatforms) = preSolution
		Debug|Any CPU = Debug|Any CPU
		Release|Any CPU = Release|Any CPU
	EndGlobalSection
	GlobalSection(ProjectConfigurationPlatforms) = postSolution
		{EA9C8F3E-01CE-4A6D-8136-112E41B8A8F6}.Debug|Any CPU.ActiveCfg = Debug|Any CPU
		{EA9C8F3E-01CE-4A6D-8136-112E41B8A8F6}.Debug|Any CPU.Build.0 = Debug|Any CPU
		{EA9C8F3E-01CE-4A6D-8136-112E41B8A8F6}.Release|Any CPU.ActiveCfg = Release|Any CPU
		{EA9C8F3E-01CE-4A6D-8136-112E41B8A8F6}.Release|Any CPU.Build.0 = Release|Any CPU
	EndGlobalSection
	GlobalSection(SolutionProperties) = preSolution
		HideSolutionNode = FALSE
	EndGlobalSection
	GlobalSection(ExtensibilityGlobals) = postSolution
		SolutionGuid = {A540ADB8-95B8-4F58-A146-3F1B27C6ADE3}
	EndGlobalSection
EndGlobal
